// !$*UTF8*$!
{
	archiveVersion = 1;
	classes = {
	};
	objectVersion = 50;
	objects = {

/* Begin PBXBuildFile section */
		75922D5AF082AFBD9120E1EB /* libPods-WeatherStaging.a in Frameworks */ = {isa = PBXBuildFile; fileRef = 649BC105913DAB65C6F6C418 /* libPods-WeatherStaging.a */; };
		7D41521D2625BADF008694CE /* Assets.xcassets in Resources */ = {isa = PBXBuildFile; fileRef = 7D41521C2625BADF008694CE /* Assets.xcassets */; };
		7D4152202625BADF008694CE /* LaunchScreen.storyboard in Resources */ = {isa = PBXBuildFile; fileRef = 7D41521E2625BADF008694CE /* LaunchScreen.storyboard */; };
		7D41522B2625BB27008694CE /* AppDelegate.swift in Sources */ = {isa = PBXBuildFile; fileRef = 7D4FDCF22625B66F00F54C83 /* AppDelegate.swift */; };
		7D41522E2625BB2F008694CE /* Assets.xcassets in Resources */ = {isa = PBXBuildFile; fileRef = 7D4FDCFB2625B67100F54C83 /* Assets.xcassets */; };
		7D4152352625BBD7008694CE /* Main.storyboard in Resources */ = {isa = PBXBuildFile; fileRef = 7D4FDCF82625B66F00F54C83 /* Main.storyboard */; };
		7D4152382625BBDF008694CE /* ViewController.swift in Sources */ = {isa = PBXBuildFile; fileRef = 7D4FDCF62625B66F00F54C83 /* ViewController.swift */; };
		7D4FDCF32625B66F00F54C83 /* AppDelegate.swift in Sources */ = {isa = PBXBuildFile; fileRef = 7D4FDCF22625B66F00F54C83 /* AppDelegate.swift */; };
		7D4FDCF72625B66F00F54C83 /* ViewController.swift in Sources */ = {isa = PBXBuildFile; fileRef = 7D4FDCF62625B66F00F54C83 /* ViewController.swift */; };
		7D4FDCFA2625B66F00F54C83 /* Main.storyboard in Resources */ = {isa = PBXBuildFile; fileRef = 7D4FDCF82625B66F00F54C83 /* Main.storyboard */; };
		7D4FDCFC2625B67100F54C83 /* Assets.xcassets in Resources */ = {isa = PBXBuildFile; fileRef = 7D4FDCFB2625B67100F54C83 /* Assets.xcassets */; };
		7D4FDCFF2625B67100F54C83 /* LaunchScreen.storyboard in Resources */ = {isa = PBXBuildFile; fileRef = 7D4FDCFD2625B67100F54C83 /* LaunchScreen.storyboard */; };
		87EBC1CF0D648359C68BEDA2 /* libPods-Weather.a in Frameworks */ = {isa = PBXBuildFile; fileRef = 7707454521F4E093049EE653 /* libPods-Weather.a */; };
/* End PBXBuildFile section */

/* Begin PBXFileReference section */
		649BC105913DAB65C6F6C418 /* libPods-WeatherStaging.a */ = {isa = PBXFileReference; explicitFileType = archive.ar; includeInIndex = 0; path = "libPods-WeatherStaging.a"; sourceTree = BUILT_PRODUCTS_DIR; };
		7707454521F4E093049EE653 /* libPods-Weather.a */ = {isa = PBXFileReference; explicitFileType = archive.ar; includeInIndex = 0; path = "libPods-Weather.a"; sourceTree = BUILT_PRODUCTS_DIR; };
		7D4152112625BADE008694CE /* WeatherStaging.app */ = {isa = PBXFileReference; explicitFileType = wrapper.application; includeInIndex = 0; path = WeatherStaging.app; sourceTree = BUILT_PRODUCTS_DIR; };
		7D41521C2625BADF008694CE /* Assets.xcassets */ = {isa = PBXFileReference; lastKnownFileType = folder.assetcatalog; path = Assets.xcassets; sourceTree = "<group>"; };
		7D41521F2625BADF008694CE /* Base */ = {isa = PBXFileReference; lastKnownFileType = file.storyboard; name = Base; path = Base.lproj/LaunchScreen.storyboard; sourceTree = "<group>"; };
		7D4152212625BADF008694CE /* Info.plist */ = {isa = PBXFileReference; lastKnownFileType = text.plist.xml; path = Info.plist; sourceTree = "<group>"; };
		7D4FDCEF2625B66F00F54C83 /* Weather.app */ = {isa = PBXFileReference; explicitFileType = wrapper.application; includeInIndex = 0; path = Weather.app; sourceTree = BUILT_PRODUCTS_DIR; };
		7D4FDCF22625B66F00F54C83 /* AppDelegate.swift */ = {isa = PBXFileReference; lastKnownFileType = sourcecode.swift; path = AppDelegate.swift; sourceTree = "<group>"; };
		7D4FDCF62625B66F00F54C83 /* ViewController.swift */ = {isa = PBXFileReference; lastKnownFileType = sourcecode.swift; path = ViewController.swift; sourceTree = "<group>"; };
		7D4FDCF92625B66F00F54C83 /* Base */ = {isa = PBXFileReference; lastKnownFileType = file.storyboard; name = Base; path = Base.lproj/Main.storyboard; sourceTree = "<group>"; };
		7D4FDCFB2625B67100F54C83 /* Assets.xcassets */ = {isa = PBXFileReference; lastKnownFileType = folder.assetcatalog; path = Assets.xcassets; sourceTree = "<group>"; };
		7D4FDCFE2625B67100F54C83 /* Base */ = {isa = PBXFileReference; lastKnownFileType = file.storyboard; name = Base; path = Base.lproj/LaunchScreen.storyboard; sourceTree = "<group>"; };
		7D4FDD002625B67100F54C83 /* Info.plist */ = {isa = PBXFileReference; lastKnownFileType = text.plist.xml; path = Info.plist; sourceTree = "<group>"; };
		BB11D4F75D345FC96C30ECC8 /* Pods-Weather.debug.xcconfig */ = {isa = PBXFileReference; includeInIndex = 1; lastKnownFileType = text.xcconfig; name = "Pods-Weather.debug.xcconfig"; path = "Target Support Files/Pods-Weather/Pods-Weather.debug.xcconfig"; sourceTree = "<group>"; };
		BFD1A36F7ED33A2C08021CF1 /* Pods-WeatherStaging.debug.xcconfig */ = {isa = PBXFileReference; includeInIndex = 1; lastKnownFileType = text.xcconfig; name = "Pods-WeatherStaging.debug.xcconfig"; path = "Target Support Files/Pods-WeatherStaging/Pods-WeatherStaging.debug.xcconfig"; sourceTree = "<group>"; };
		C5B8AAFCF74AA08F30454A74 /* Pods-WeatherStaging.release.xcconfig */ = {isa = PBXFileReference; includeInIndex = 1; lastKnownFileType = text.xcconfig; name = "Pods-WeatherStaging.release.xcconfig"; path = "Target Support Files/Pods-WeatherStaging/Pods-WeatherStaging.release.xcconfig"; sourceTree = "<group>"; };
		CF0CC4C43340B8E55F67A3DF /* Pods-Weather.release.xcconfig */ = {isa = PBXFileReference; includeInIndex = 1; lastKnownFileType = text.xcconfig; name = "Pods-Weather.release.xcconfig"; path = "Target Support Files/Pods-Weather/Pods-Weather.release.xcconfig"; sourceTree = "<group>"; };
/* End PBXFileReference section */

/* Begin PBXFrameworksBuildPhase section */
		7D41520E2625BADE008694CE /* Frameworks */ = {
			isa = PBXFrameworksBuildPhase;
			buildActionMask = 2147483647;
			files = (
				75922D5AF082AFBD9120E1EB /* libPods-WeatherStaging.a in Frameworks */,
			);
			runOnlyForDeploymentPostprocessing = 0;
		};
		7D4FDCEC2625B66F00F54C83 /* Frameworks */ = {
			isa = PBXFrameworksBuildPhase;
			buildActionMask = 2147483647;
			files = (
				87EBC1CF0D648359C68BEDA2 /* libPods-Weather.a in Frameworks */,
			);
			runOnlyForDeploymentPostprocessing = 0;
		};
/* End PBXFrameworksBuildPhase section */

/* Begin PBXGroup section */
		2ADE0C6781458021E3784225 /* Pods */ = {
			isa = PBXGroup;
			children = (
				BB11D4F75D345FC96C30ECC8 /* Pods-Weather.debug.xcconfig */,
				CF0CC4C43340B8E55F67A3DF /* Pods-Weather.release.xcconfig */,
				BFD1A36F7ED33A2C08021CF1 /* Pods-WeatherStaging.debug.xcconfig */,
				C5B8AAFCF74AA08F30454A74 /* Pods-WeatherStaging.release.xcconfig */,
			);
			path = Pods;
			sourceTree = "<group>";
		};
		625B929F144E6F4D7A5B7FA5 /* Frameworks */ = {
			isa = PBXGroup;
			children = (
				7707454521F4E093049EE653 /* libPods-Weather.a */,
				649BC105913DAB65C6F6C418 /* libPods-WeatherStaging.a */,
			);
			name = Frameworks;
			sourceTree = "<group>";
		};
		7D4152122625BADE008694CE /* WeatherStaging */ = {
			isa = PBXGroup;
			children = (
				7D41521C2625BADF008694CE /* Assets.xcassets */,
				7D41521E2625BADF008694CE /* LaunchScreen.storyboard */,
				7D4152212625BADF008694CE /* Info.plist */,
			);
			path = WeatherStaging;
			sourceTree = "<group>";
		};
		7D4FDCE62625B66F00F54C83 = {
			isa = PBXGroup;
			children = (
				7D4FDCF12625B66F00F54C83 /* Weather */,
				7D4152122625BADE008694CE /* WeatherStaging */,
				7D4FDCF02625B66F00F54C83 /* Products */,
				2ADE0C6781458021E3784225 /* Pods */,
				625B929F144E6F4D7A5B7FA5 /* Frameworks */,
			);
			sourceTree = "<group>";
		};
		7D4FDCF02625B66F00F54C83 /* Products */ = {
			isa = PBXGroup;
			children = (
				7D4FDCEF2625B66F00F54C83 /* Weather.app */,
				7D4152112625BADE008694CE /* WeatherStaging.app */,
			);
			name = Products;
			sourceTree = "<group>";
		};
		7D4FDCF12625B66F00F54C83 /* Weather */ = {
			isa = PBXGroup;
			children = (
				7D4FDCF22625B66F00F54C83 /* AppDelegate.swift */,
				7D4FDCF62625B66F00F54C83 /* ViewController.swift */,
				7D4FDCF82625B66F00F54C83 /* Main.storyboard */,
				7D4FDCFB2625B67100F54C83 /* Assets.xcassets */,
				7D4FDCFD2625B67100F54C83 /* LaunchScreen.storyboard */,
				7D4FDD002625B67100F54C83 /* Info.plist */,
			);
			path = Weather;
			sourceTree = "<group>";
		};
/* End PBXGroup section */

/* Begin PBXNativeTarget section */
		7D4152102625BADE008694CE /* WeatherStaging */ = {
			isa = PBXNativeTarget;
			buildConfigurationList = 7D4152222625BADF008694CE /* Build configuration list for PBXNativeTarget "WeatherStaging" */;
			buildPhases = (
				0F22E8426C915F9ABE72CA9E /* [CP] Check Pods Manifest.lock */,
				7D41520D2625BADE008694CE /* Sources */,
				7D41520E2625BADE008694CE /* Frameworks */,
				7D41520F2625BADE008694CE /* Resources */,
			);
			buildRules = (
			);
			dependencies = (
			);
			name = WeatherStaging;
			productName = WeatherStaging;
			productReference = 7D4152112625BADE008694CE /* WeatherStaging.app */;
			productType = "com.apple.product-type.application";
		};
		7D4FDCEE2625B66F00F54C83 /* Weather */ = {
			isa = PBXNativeTarget;
			buildConfigurationList = 7D4FDD032625B67100F54C83 /* Build configuration list for PBXNativeTarget "Weather" */;
			buildPhases = (
				2FCBFFA7F316267133E3E39A /* [CP] Check Pods Manifest.lock */,
				7D4FDCEB2625B66F00F54C83 /* Sources */,
				7D4FDCEC2625B66F00F54C83 /* Frameworks */,
				7D4FDCED2625B66F00F54C83 /* Resources */,
			);
			buildRules = (
			);
			dependencies = (
			);
			name = Weather;
			productName = Weather;
			productReference = 7D4FDCEF2625B66F00F54C83 /* Weather.app */;
			productType = "com.apple.product-type.application";
		};
/* End PBXNativeTarget section */

/* Begin PBXProject section */
		7D4FDCE72625B66F00F54C83 /* Project object */ = {
			isa = PBXProject;
			attributes = {
				LastSwiftUpdateCheck = 1200;
				LastUpgradeCheck = 1240;
				TargetAttributes = {
					7D4152102625BADE008694CE = {
						CreatedOnToolsVersion = 12.0.1;
					};
					7D4FDCEE2625B66F00F54C83 = {
						CreatedOnToolsVersion = 12.4;
					};
				};
			};
			buildConfigurationList = 7D4FDCEA2625B66F00F54C83 /* Build configuration list for PBXProject "Weather" */;
			compatibilityVersion = "Xcode 9.3";
			developmentRegion = en;
			hasScannedForEncodings = 0;
			knownRegions = (
				en,
				Base,
			);
			mainGroup = 7D4FDCE62625B66F00F54C83;
			productRefGroup = 7D4FDCF02625B66F00F54C83 /* Products */;
			projectDirPath = "";
			projectRoot = "";
			targets = (
				7D4FDCEE2625B66F00F54C83 /* Weather */,
				7D4152102625BADE008694CE /* WeatherStaging */,
			);
		};
/* End PBXProject section */

/* Begin PBXResourcesBuildPhase section */
		7D41520F2625BADE008694CE /* Resources */ = {
			isa = PBXResourcesBuildPhase;
			buildActionMask = 2147483647;
			files = (
				7D4152202625BADF008694CE /* LaunchScreen.storyboard in Resources */,
				7D41522E2625BB2F008694CE /* Assets.xcassets in Resources */,
				7D41521D2625BADF008694CE /* Assets.xcassets in Resources */,
				7D4152352625BBD7008694CE /* Main.storyboard in Resources */,
			);
			runOnlyForDeploymentPostprocessing = 0;
		};
		7D4FDCED2625B66F00F54C83 /* Resources */ = {
			isa = PBXResourcesBuildPhase;
			buildActionMask = 2147483647;
			files = (
				7D4FDCFF2625B67100F54C83 /* LaunchScreen.storyboard in Resources */,
				7D4FDCFC2625B67100F54C83 /* Assets.xcassets in Resources */,
				7D4FDCFA2625B66F00F54C83 /* Main.storyboard in Resources */,
			);
			runOnlyForDeploymentPostprocessing = 0;
		};
/* End PBXResourcesBuildPhase section */

/* Begin PBXShellScriptBuildPhase section */
		0F22E8426C915F9ABE72CA9E /* [CP] Check Pods Manifest.lock */ = {
			isa = PBXShellScriptBuildPhase;
			buildActionMask = 2147483647;
			files = (
			);
			inputFileListPaths = (
			);
			inputPaths = (
				"${PODS_PODFILE_DIR_PATH}/Podfile.lock",
				"${PODS_ROOT}/Manifest.lock",
			);
			name = "[CP] Check Pods Manifest.lock";
			outputFileListPaths = (
			);
			outputPaths = (
				"$(DERIVED_FILE_DIR)/Pods-WeatherStaging-checkManifestLockResult.txt",
			);
			runOnlyForDeploymentPostprocessing = 0;
			shellPath = /bin/sh;
			shellScript = "diff \"${PODS_PODFILE_DIR_PATH}/Podfile.lock\" \"${PODS_ROOT}/Manifest.lock\" > /dev/null\nif [ $? != 0 ] ; then\n    # print error to STDERR\n    echo \"error: The sandbox is not in sync with the Podfile.lock. Run 'pod install' or update your CocoaPods installation.\" >&2\n    exit 1\nfi\n# This output is used by Xcode 'outputs' to avoid re-running this script phase.\necho \"SUCCESS\" > \"${SCRIPT_OUTPUT_FILE_0}\"\n";
			showEnvVarsInLog = 0;
		};
		2FCBFFA7F316267133E3E39A /* [CP] Check Pods Manifest.lock */ = {
			isa = PBXShellScriptBuildPhase;
			buildActionMask = 2147483647;
			files = (
			);
			inputFileListPaths = (
			);
			inputPaths = (
				"${PODS_PODFILE_DIR_PATH}/Podfile.lock",
				"${PODS_ROOT}/Manifest.lock",
			);
			name = "[CP] Check Pods Manifest.lock";
			outputFileListPaths = (
			);
			outputPaths = (
				"$(DERIVED_FILE_DIR)/Pods-Weather-checkManifestLockResult.txt",
			);
			runOnlyForDeploymentPostprocessing = 0;
			shellPath = /bin/sh;
			shellScript = "diff \"${PODS_PODFILE_DIR_PATH}/Podfile.lock\" \"${PODS_ROOT}/Manifest.lock\" > /dev/null\nif [ $? != 0 ] ; then\n    # print error to STDERR\n    echo \"error: The sandbox is not in sync with the Podfile.lock. Run 'pod install' or update your CocoaPods installation.\" >&2\n    exit 1\nfi\n# This output is used by Xcode 'outputs' to avoid re-running this script phase.\necho \"SUCCESS\" > \"${SCRIPT_OUTPUT_FILE_0}\"\n";
			showEnvVarsInLog = 0;
		};
/* End PBXShellScriptBuildPhase section */

/* Begin PBXSourcesBuildPhase section */
		7D41520D2625BADE008694CE /* Sources */ = {
			isa = PBXSourcesBuildPhase;
			buildActionMask = 2147483647;
			files = (
				7D4152382625BBDF008694CE /* ViewController.swift in Sources */,
				7D41522B2625BB27008694CE /* AppDelegate.swift in Sources */,
			);
			runOnlyForDeploymentPostprocessing = 0;
		};
		7D4FDCEB2625B66F00F54C83 /* Sources */ = {
			isa = PBXSourcesBuildPhase;
			buildActionMask = 2147483647;
			files = (
				7D4FDCF72625B66F00F54C83 /* ViewController.swift in Sources */,
				7D4FDCF32625B66F00F54C83 /* AppDelegate.swift in Sources */,
			);
			runOnlyForDeploymentPostprocessing = 0;
		};
/* End PBXSourcesBuildPhase section */

/* Begin PBXVariantGroup section */
		7D41521E2625BADF008694CE /* LaunchScreen.storyboard */ = {
			isa = PBXVariantGroup;
			children = (
				7D41521F2625BADF008694CE /* Base */,
			);
			name = LaunchScreen.storyboard;
			sourceTree = "<group>";
		};
		7D4FDCF82625B66F00F54C83 /* Main.storyboard */ = {
			isa = PBXVariantGroup;
			children = (
				7D4FDCF92625B66F00F54C83 /* Base */,
			);
			name = Main.storyboard;
			sourceTree = "<group>";
		};
		7D4FDCFD2625B67100F54C83 /* LaunchScreen.storyboard */ = {
			isa = PBXVariantGroup;
			children = (
				7D4FDCFE2625B67100F54C83 /* Base */,
			);
			name = LaunchScreen.storyboard;
			sourceTree = "<group>";
		};
/* End PBXVariantGroup section */

/* Begin XCBuildConfiguration section */
		7D4152232625BADF008694CE /* Debug */ = {
			isa = XCBuildConfiguration;
			baseConfigurationReference = BFD1A36F7ED33A2C08021CF1 /* Pods-WeatherStaging.debug.xcconfig */;
			buildSettings = {
				ASSETCATALOG_COMPILER_APPICON_NAME = AppIcon_Staging;
				ASSETCATALOG_COMPILER_GLOBAL_ACCENT_COLOR_NAME = AccentColor;
				CODE_SIGN_STYLE = Automatic;
				INFOPLIST_FILE = WeatherStaging/Info.plist;
				IPHONEOS_DEPLOYMENT_TARGET = 11.0;
				LD_RUNPATH_SEARCH_PATHS = (
					"$(inherited)",
					"@executable_path/Frameworks",
				);
				PRODUCT_BUNDLE_IDENTIFIER = com.sandysusanto.WeatherStaging;
				PRODUCT_NAME = "$(TARGET_NAME)";
				SWIFT_ACTIVE_COMPILATION_CONDITIONS = "DEBUG STAGING";
				SWIFT_VERSION = 5.0;
				TARGETED_DEVICE_FAMILY = "1,2";
			};
			name = Debug;
		};
		7D4152242625BADF008694CE /* Release */ = {
			isa = XCBuildConfiguration;
			baseConfigurationReference = C5B8AAFCF74AA08F30454A74 /* Pods-WeatherStaging.release.xcconfig */;
			buildSettings = {
				ASSETCATALOG_COMPILER_APPICON_NAME = AppIcon_Staging;
				ASSETCATALOG_COMPILER_GLOBAL_ACCENT_COLOR_NAME = AccentColor;
				CODE_SIGN_STYLE = Automatic;
				INFOPLIST_FILE = WeatherStaging/Info.plist;
				IPHONEOS_DEPLOYMENT_TARGET = 11.0;
				LD_RUNPATH_SEARCH_PATHS = (
					"$(inherited)",
					"@executable_path/Frameworks",
				);
				PRODUCT_BUNDLE_IDENTIFIER = com.sandysusanto.WeatherStaging;
				PRODUCT_NAME = "$(TARGET_NAME)";
				SWIFT_ACTIVE_COMPILATION_CONDITIONS = "RELEASE STAGING";
				SWIFT_VERSION = 5.0;
				TARGETED_DEVICE_FAMILY = "1,2";
			};
			name = Release;
		};
		7D4FDD012625B67100F54C83 /* Debug */ = {
			isa = XCBuildConfiguration;
			buildSettings = {
				ALWAYS_SEARCH_USER_PATHS = NO;
				CLANG_ANALYZER_NONNULL = YES;
				CLANG_ANALYZER_NUMBER_OBJECT_CONVERSION = YES_AGGRESSIVE;
				CLANG_CXX_LANGUAGE_STANDARD = "gnu++14";
				CLANG_CXX_LIBRARY = "libc++";
				CLANG_ENABLE_MODULES = YES;
				CLANG_ENABLE_OBJC_ARC = YES;
				CLANG_ENABLE_OBJC_WEAK = YES;
				CLANG_WARN_BLOCK_CAPTURE_AUTORELEASING = YES;
				CLANG_WARN_BOOL_CONVERSION = YES;
				CLANG_WARN_COMMA = YES;
				CLANG_WARN_CONSTANT_CONVERSION = YES;
				CLANG_WARN_DEPRECATED_OBJC_IMPLEMENTATIONS = YES;
				CLANG_WARN_DIRECT_OBJC_ISA_USAGE = YES_ERROR;
				CLANG_WARN_DOCUMENTATION_COMMENTS = YES;
				CLANG_WARN_EMPTY_BODY = YES;
				CLANG_WARN_ENUM_CONVERSION = YES;
				CLANG_WARN_INFINITE_RECURSION = YES;
				CLANG_WARN_INT_CONVERSION = YES;
				CLANG_WARN_NON_LITERAL_NULL_CONVERSION = YES;
				CLANG_WARN_OBJC_IMPLICIT_RETAIN_SELF = YES;
				CLANG_WARN_OBJC_LITERAL_CONVERSION = YES;
				CLANG_WARN_OBJC_ROOT_CLASS = YES_ERROR;
				CLANG_WARN_QUOTED_INCLUDE_IN_FRAMEWORK_HEADER = YES;
				CLANG_WARN_RANGE_LOOP_ANALYSIS = YES;
				CLANG_WARN_STRICT_PROTOTYPES = YES;
				CLANG_WARN_SUSPICIOUS_MOVE = YES;
				CLANG_WARN_UNGUARDED_AVAILABILITY = YES_AGGRESSIVE;
				CLANG_WARN_UNREACHABLE_CODE = YES;
				CLANG_WARN__DUPLICATE_METHOD_MATCH = YES;
				COPY_PHASE_STRIP = NO;
				DEBUG_INFORMATION_FORMAT = dwarf;
				ENABLE_STRICT_OBJC_MSGSEND = YES;
				ENABLE_TESTABILITY = YES;
				GCC_C_LANGUAGE_STANDARD = gnu11;
				GCC_DYNAMIC_NO_PIC = NO;
				GCC_NO_COMMON_BLOCKS = YES;
				GCC_OPTIMIZATION_LEVEL = 0;
				GCC_PREPROCESSOR_DEFINITIONS = (
					"DEBUG=1",
					"$(inherited)",
				);
				GCC_WARN_64_TO_32_BIT_CONVERSION = YES;
				GCC_WARN_ABOUT_RETURN_TYPE = YES_ERROR;
				GCC_WARN_UNDECLARED_SELECTOR = YES;
				GCC_WARN_UNINITIALIZED_AUTOS = YES_AGGRESSIVE;
				GCC_WARN_UNUSED_FUNCTION = YES;
				GCC_WARN_UNUSED_VARIABLE = YES;
				IPHONEOS_DEPLOYMENT_TARGET = 11.0;
				MTL_ENABLE_DEBUG_INFO = INCLUDE_SOURCE;
				MTL_FAST_MATH = YES;
				ONLY_ACTIVE_ARCH = YES;
				SDKROOT = iphoneos;
				SWIFT_ACTIVE_COMPILATION_CONDITIONS = DEBUG;
				SWIFT_OPTIMIZATION_LEVEL = "-Onone";
			};
			name = Debug;
		};
		7D4FDD022625B67100F54C83 /* Release */ = {
			isa = XCBuildConfiguration;
			buildSettings = {
				ALWAYS_SEARCH_USER_PATHS = NO;
				CLANG_ANALYZER_NONNULL = YES;
				CLANG_ANALYZER_NUMBER_OBJECT_CONVERSION = YES_AGGRESSIVE;
				CLANG_CXX_LANGUAGE_STANDARD = "gnu++14";
				CLANG_CXX_LIBRARY = "libc++";
				CLANG_ENABLE_MODULES = YES;
				CLANG_ENABLE_OBJC_ARC = YES;
				CLANG_ENABLE_OBJC_WEAK = YES;
				CLANG_WARN_BLOCK_CAPTURE_AUTORELEASING = YES;
				CLANG_WARN_BOOL_CONVERSION = YES;
				CLANG_WARN_COMMA = YES;
				CLANG_WARN_CONSTANT_CONVERSION = YES;
				CLANG_WARN_DEPRECATED_OBJC_IMPLEMENTATIONS = YES;
				CLANG_WARN_DIRECT_OBJC_ISA_USAGE = YES_ERROR;
				CLANG_WARN_DOCUMENTATION_COMMENTS = YES;
				CLANG_WARN_EMPTY_BODY = YES;
				CLANG_WARN_ENUM_CONVERSION = YES;
				CLANG_WARN_INFINITE_RECURSION = YES;
				CLANG_WARN_INT_CONVERSION = YES;
				CLANG_WARN_NON_LITERAL_NULL_CONVERSION = YES;
				CLANG_WARN_OBJC_IMPLICIT_RETAIN_SELF = YES;
				CLANG_WARN_OBJC_LITERAL_CONVERSION = YES;
				CLANG_WARN_OBJC_ROOT_CLASS = YES_ERROR;
				CLANG_WARN_QUOTED_INCLUDE_IN_FRAMEWORK_HEADER = YES;
				CLANG_WARN_RANGE_LOOP_ANALYSIS = YES;
				CLANG_WARN_STRICT_PROTOTYPES = YES;
				CLANG_WARN_SUSPICIOUS_MOVE = YES;
				CLANG_WARN_UNGUARDED_AVAILABILITY = YES_AGGRESSIVE;
				CLANG_WARN_UNREACHABLE_CODE = YES;
				CLANG_WARN__DUPLICATE_METHOD_MATCH = YES;
				COPY_PHASE_STRIP = NO;
				DEBUG_INFORMATION_FORMAT = "dwarf-with-dsym";
				ENABLE_NS_ASSERTIONS = NO;
				ENABLE_STRICT_OBJC_MSGSEND = YES;
				GCC_C_LANGUAGE_STANDARD = gnu11;
				GCC_NO_COMMON_BLOCKS = YES;
				GCC_WARN_64_TO_32_BIT_CONVERSION = YES;
				GCC_WARN_ABOUT_RETURN_TYPE = YES_ERROR;
				GCC_WARN_UNDECLARED_SELECTOR = YES;
				GCC_WARN_UNINITIALIZED_AUTOS = YES_AGGRESSIVE;
				GCC_WARN_UNUSED_FUNCTION = YES;
				GCC_WARN_UNUSED_VARIABLE = YES;
				IPHONEOS_DEPLOYMENT_TARGET = 11.0;
				MTL_ENABLE_DEBUG_INFO = NO;
				MTL_FAST_MATH = YES;
				SDKROOT = iphoneos;
				SWIFT_COMPILATION_MODE = wholemodule;
				SWIFT_OPTIMIZATION_LEVEL = "-O";
				VALIDATE_PRODUCT = YES;
			};
			name = Release;
		};
		7D4FDD042625B67100F54C83 /* Debug */ = {
			isa = XCBuildConfiguration;
			baseConfigurationReference = BB11D4F75D345FC96C30ECC8 /* Pods-Weather.debug.xcconfig */;
			buildSettings = {
				ASSETCATALOG_COMPILER_APPICON_NAME = AppIcon;
				ASSETCATALOG_COMPILER_GLOBAL_ACCENT_COLOR_NAME = AccentColor;
				CODE_SIGN_STYLE = Automatic;
				INFOPLIST_FILE = Weather/Info.plist;
				IPHONEOS_DEPLOYMENT_TARGET = 11.0;
				LD_RUNPATH_SEARCH_PATHS = (
					"$(inherited)",
					"@executable_path/Frameworks",
				);
				PRODUCT_BUNDLE_IDENTIFIER = com.sandysusanto.weather;
				PRODUCT_NAME = "$(TARGET_NAME)";
				SWIFT_ACTIVE_COMPILATION_CONDITIONS = "DEBUG PRODUCTION";
				SWIFT_VERSION = 5.0;
				TARGETED_DEVICE_FAMILY = "1,2";
			};
			name = Debug;
		};
		7D4FDD052625B67100F54C83 /* Release */ = {
			isa = XCBuildConfiguration;
			baseConfigurationReference = CF0CC4C43340B8E55F67A3DF /* Pods-Weather.release.xcconfig */;
			buildSettings = {
				ASSETCATALOG_COMPILER_APPICON_NAME = AppIcon;
				ASSETCATALOG_COMPILER_GLOBAL_ACCENT_COLOR_NAME = AccentColor;
				CODE_SIGN_STYLE = Automatic;
				INFOPLIST_FILE = Weather/Info.plist;
				IPHONEOS_DEPLOYMENT_TARGET = 11.0;
				LD_RUNPATH_SEARCH_PATHS = (
					"$(inherited)",
					"@executable_path/Frameworks",
				);
				PRODUCT_BUNDLE_IDENTIFIER = com.sandysusanto.weather;
				PRODUCT_NAME = "$(TARGET_NAME)";
				SWIFT_ACTIVE_COMPILATION_CONDITIONS = "RELEASE PRODUCTION";
				SWIFT_VERSION = 5.0;
				TARGETED_DEVICE_FAMILY = "1,2";
			};
			name = Release;
		};
/* End XCBuildConfiguration section */

/* Begin XCConfigurationList section */
		7D4152222625BADF008694CE /* Build configuration list for PBXNativeTarget "WeatherStaging" */ = {
			isa = XCConfigurationList;
			buildConfigurations = (
				7D4152232625BADF008694CE /* Debug */,
				7D4152242625BADF008694CE /* Release */,
			);
			defaultConfigurationIsVisible = 0;
			defaultConfigurationName = Release;
		};
		7D4FDCEA2625B66F00F54C83 /* Build configuration list for PBXProject "Weather" */ = {
			isa = XCConfigurationList;
			buildConfigurations = (
				7D4FDD012625B67100F54C83 /* Debug */,
				7D4FDD022625B67100F54C83 /* Release */,
			);
			defaultConfigurationIsVisible = 0;
			defaultConfigurationName = Release;
		};
		7D4FDD032625B67100F54C83 /* Build configuration list for PBXNativeTarget "Weather" */ = {
			isa = XCConfigurationList;
			buildConfigurations = (
				7D4FDD042625B67100F54C83 /* Debug */,
				7D4FDD052625B67100F54C83 /* Release */,
			);
			defaultConfigurationIsVisible = 0;
			defaultConfigurationName = Release;
		};
/* End XCConfigurationList section */
	};
	rootObject = 7D4FDCE72625B66F00F54C83 /* Project object */;
}
