// !$*UTF8*$!
{
	archiveVersion = 1;
	classes = {
	};
	objectVersion = 50;
	objects = {

/* Begin PBXBuildFile section */
		75922D5AF082AFBD9120E1EB /* libPods-WeatherStaging.a in Frameworks */ = {isa = PBXBuildFile; fileRef = 649BC105913DAB65C6F6C418 /* libPods-WeatherStaging.a */; };
		7D41521D2625BADF008694CE /* Assets.xcassets in Resources */ = {isa = PBXBuildFile; fileRef = 7D41521C2625BADF008694CE /* Assets.xcassets */; };
		7D4152202625BADF008694CE /* LaunchScreen.storyboard in Resources */ = {isa = PBXBuildFile; fileRef = 7D41521E2625BADF008694CE /* LaunchScreen.storyboard */; };
		7D41522B2625BB27008694CE /* AppDelegate.swift in Sources */ = {isa = PBXBuildFile; fileRef = 7D4FDCF22625B66F00F54C83 /* AppDelegate.swift */; };
		7D41522E2625BB2F008694CE /* Assets.xcassets in Resources */ = {isa = PBXBuildFile; fileRef = 7D4FDCFB2625B67100F54C83 /* Assets.xcassets */; };
		7D4152622625C754008694CE /* MainWeather.storyboard in Resources */ = {isa = PBXBuildFile; fileRef = 7D4152612625C754008694CE /* MainWeather.storyboard */; };
		7D4152662625C771008694CE /* MainWeatherViewController.swift in Sources */ = {isa = PBXBuildFile; fileRef = 7D4152652625C771008694CE /* MainWeatherViewController.swift */; };
		7D4152672625C771008694CE /* MainWeatherViewController.swift in Sources */ = {isa = PBXBuildFile; fileRef = 7D4152652625C771008694CE /* MainWeatherViewController.swift */; };
		7D41526A2625C777008694CE /* MainWeather.storyboard in Resources */ = {isa = PBXBuildFile; fileRef = 7D4152612625C754008694CE /* MainWeather.storyboard */; };
		7D41526E2625C7EC008694CE /* MainWeatherContract.swift in Sources */ = {isa = PBXBuildFile; fileRef = 7D41526D2625C7EC008694CE /* MainWeatherContract.swift */; };
		7D41526F2625C7EC008694CE /* MainWeatherContract.swift in Sources */ = {isa = PBXBuildFile; fileRef = 7D41526D2625C7EC008694CE /* MainWeatherContract.swift */; };
		7D4152732625C80A008694CE /* MainWeatherInteractor.swift in Sources */ = {isa = PBXBuildFile; fileRef = 7D4152722625C80A008694CE /* MainWeatherInteractor.swift */; };
		7D4152742625C80A008694CE /* MainWeatherInteractor.swift in Sources */ = {isa = PBXBuildFile; fileRef = 7D4152722625C80A008694CE /* MainWeatherInteractor.swift */; };
		7D4152782625C81C008694CE /* MainWeatherPresenter.swift in Sources */ = {isa = PBXBuildFile; fileRef = 7D4152772625C81C008694CE /* MainWeatherPresenter.swift */; };
		7D4152792625C81C008694CE /* MainWeatherPresenter.swift in Sources */ = {isa = PBXBuildFile; fileRef = 7D4152772625C81C008694CE /* MainWeatherPresenter.swift */; };
		7D41527D2625C82A008694CE /* MainWeatherRouter.swift in Sources */ = {isa = PBXBuildFile; fileRef = 7D41527C2625C82A008694CE /* MainWeatherRouter.swift */; };
		7D41527E2625C82A008694CE /* MainWeatherRouter.swift in Sources */ = {isa = PBXBuildFile; fileRef = 7D41527C2625C82A008694CE /* MainWeatherRouter.swift */; };
		7D41528B2625CB57008694CE /* SearchWeatherContract.swift in Sources */ = {isa = PBXBuildFile; fileRef = 7D41528A2625CB57008694CE /* SearchWeatherContract.swift */; };
		7D41528C2625CB57008694CE /* SearchWeatherContract.swift in Sources */ = {isa = PBXBuildFile; fileRef = 7D41528A2625CB57008694CE /* SearchWeatherContract.swift */; };
		7D4152922625CB69008694CE /* SearchWeatherInteractor.swift in Sources */ = {isa = PBXBuildFile; fileRef = 7D4152912625CB69008694CE /* SearchWeatherInteractor.swift */; };
		7D4152932625CB69008694CE /* SearchWeatherInteractor.swift in Sources */ = {isa = PBXBuildFile; fileRef = 7D4152912625CB69008694CE /* SearchWeatherInteractor.swift */; };
		7D4152972625CB86008694CE /* SearchWeatherPresenter.swift in Sources */ = {isa = PBXBuildFile; fileRef = 7D4152962625CB86008694CE /* SearchWeatherPresenter.swift */; };
		7D4152982625CB86008694CE /* SearchWeatherPresenter.swift in Sources */ = {isa = PBXBuildFile; fileRef = 7D4152962625CB86008694CE /* SearchWeatherPresenter.swift */; };
		7D41529C2625CB95008694CE /* SearchWeatherRouter.swift in Sources */ = {isa = PBXBuildFile; fileRef = 7D41529B2625CB95008694CE /* SearchWeatherRouter.swift */; };
		7D41529D2625CB95008694CE /* SearchWeatherRouter.swift in Sources */ = {isa = PBXBuildFile; fileRef = 7D41529B2625CB95008694CE /* SearchWeatherRouter.swift */; };
		7D4152A22625CBAE008694CE /* SearchWeather.storyboard in Resources */ = {isa = PBXBuildFile; fileRef = 7D4152A12625CBAE008694CE /* SearchWeather.storyboard */; };
		7D4152A32625CBAE008694CE /* SearchWeather.storyboard in Resources */ = {isa = PBXBuildFile; fileRef = 7D4152A12625CBAE008694CE /* SearchWeather.storyboard */; };
		7D4152A72625CBD2008694CE /* SearchWeatherViewController.swift in Sources */ = {isa = PBXBuildFile; fileRef = 7D4152A62625CBD2008694CE /* SearchWeatherViewController.swift */; };
		7D4152A82625CBD2008694CE /* SearchWeatherViewController.swift in Sources */ = {isa = PBXBuildFile; fileRef = 7D4152A62625CBD2008694CE /* SearchWeatherViewController.swift */; };
		7D4152AF2625CC4E008694CE /* AboutWeatherContract.swift in Sources */ = {isa = PBXBuildFile; fileRef = 7D4152AE2625CC4E008694CE /* AboutWeatherContract.swift */; };
		7D4152B02625CC4E008694CE /* AboutWeatherContract.swift in Sources */ = {isa = PBXBuildFile; fileRef = 7D4152AE2625CC4E008694CE /* AboutWeatherContract.swift */; };
		7D4152B42625CC62008694CE /* AboutWeatherInteractor.swift in Sources */ = {isa = PBXBuildFile; fileRef = 7D4152B32625CC62008694CE /* AboutWeatherInteractor.swift */; };
		7D4152B52625CC62008694CE /* AboutWeatherInteractor.swift in Sources */ = {isa = PBXBuildFile; fileRef = 7D4152B32625CC62008694CE /* AboutWeatherInteractor.swift */; };
		7D4152B92625CC78008694CE /* AboutWeatherPresenter.swift in Sources */ = {isa = PBXBuildFile; fileRef = 7D4152B82625CC78008694CE /* AboutWeatherPresenter.swift */; };
		7D4152BA2625CC78008694CE /* AboutWeatherPresenter.swift in Sources */ = {isa = PBXBuildFile; fileRef = 7D4152B82625CC78008694CE /* AboutWeatherPresenter.swift */; };
		7D4152BE2625CC87008694CE /* AboutWeatherRouter.swift in Sources */ = {isa = PBXBuildFile; fileRef = 7D4152BD2625CC87008694CE /* AboutWeatherRouter.swift */; };
		7D4152BF2625CC87008694CE /* AboutWeatherRouter.swift in Sources */ = {isa = PBXBuildFile; fileRef = 7D4152BD2625CC87008694CE /* AboutWeatherRouter.swift */; };
		7D4152C42625CCA0008694CE /* AboutWeather.storyboard in Resources */ = {isa = PBXBuildFile; fileRef = 7D4152C32625CCA0008694CE /* AboutWeather.storyboard */; };
		7D4152C52625CCA0008694CE /* AboutWeather.storyboard in Resources */ = {isa = PBXBuildFile; fileRef = 7D4152C32625CCA0008694CE /* AboutWeather.storyboard */; };
		7D4152C92625CCB2008694CE /* AboutWeatherViewController.swift in Sources */ = {isa = PBXBuildFile; fileRef = 7D4152C82625CCB2008694CE /* AboutWeatherViewController.swift */; };
		7D4152CA2625CCB2008694CE /* AboutWeatherViewController.swift in Sources */ = {isa = PBXBuildFile; fileRef = 7D4152C82625CCB2008694CE /* AboutWeatherViewController.swift */; };
		7D4152CE2625CD39008694CE /* BaseViewController.swift in Sources */ = {isa = PBXBuildFile; fileRef = 7D4152CD2625CD39008694CE /* BaseViewController.swift */; };
		7D4152CF2625CD39008694CE /* BaseViewController.swift in Sources */ = {isa = PBXBuildFile; fileRef = 7D4152CD2625CD39008694CE /* BaseViewController.swift */; };
		7D4152D52625CD6A008694CE /* ColorConstants.swift in Sources */ = {isa = PBXBuildFile; fileRef = 7D4152D42625CD6A008694CE /* ColorConstants.swift */; };
		7D4152D62625CD6A008694CE /* ColorConstants.swift in Sources */ = {isa = PBXBuildFile; fileRef = 7D4152D42625CD6A008694CE /* ColorConstants.swift */; };
		7D4152DC2625CDB0008694CE /* UIColor+RGB.swift in Sources */ = {isa = PBXBuildFile; fileRef = 7D4152DB2625CDB0008694CE /* UIColor+RGB.swift */; };
		7D4152DD2625CDB0008694CE /* UIColor+RGB.swift in Sources */ = {isa = PBXBuildFile; fileRef = 7D4152DB2625CDB0008694CE /* UIColor+RGB.swift */; };
		7D4152E12625DDD2008694CE /* IntrinsicTableView.swift in Sources */ = {isa = PBXBuildFile; fileRef = 7D4152E02625DDD2008694CE /* IntrinsicTableView.swift */; };
		7D4152E22625DDD2008694CE /* IntrinsicTableView.swift in Sources */ = {isa = PBXBuildFile; fileRef = 7D4152E02625DDD2008694CE /* IntrinsicTableView.swift */; };
		7D4152F12625DFE5008694CE /* WeatherDetailCell.swift in Sources */ = {isa = PBXBuildFile; fileRef = 7D4152EF2625DFE5008694CE /* WeatherDetailCell.swift */; };
		7D4152F22625DFE5008694CE /* WeatherDetailCell.swift in Sources */ = {isa = PBXBuildFile; fileRef = 7D4152EF2625DFE5008694CE /* WeatherDetailCell.swift */; };
		7D4152F32625DFE5008694CE /* WeatherDetailCell.xib in Resources */ = {isa = PBXBuildFile; fileRef = 7D4152F02625DFE5008694CE /* WeatherDetailCell.xib */; };
		7D4152F42625DFE5008694CE /* WeatherDetailCell.xib in Resources */ = {isa = PBXBuildFile; fileRef = 7D4152F02625DFE5008694CE /* WeatherDetailCell.xib */; };
		7D4153032625FE4D008694CE /* ForecastWeatherCell.swift in Sources */ = {isa = PBXBuildFile; fileRef = 7D4153012625FE4D008694CE /* ForecastWeatherCell.swift */; };
		7D4153042625FE4D008694CE /* ForecastWeatherCell.swift in Sources */ = {isa = PBXBuildFile; fileRef = 7D4153012625FE4D008694CE /* ForecastWeatherCell.swift */; };
		7D4153052625FE4D008694CE /* ForecastWeatherCell.xib in Resources */ = {isa = PBXBuildFile; fileRef = 7D4153022625FE4D008694CE /* ForecastWeatherCell.xib */; };
		7D4153062625FE4D008694CE /* ForecastWeatherCell.xib in Resources */ = {isa = PBXBuildFile; fileRef = 7D4153022625FE4D008694CE /* ForecastWeatherCell.xib */; };
		7D41530A2625FF0E008694CE /* CALayer+Sketch.swift in Sources */ = {isa = PBXBuildFile; fileRef = 7D4153092625FF0E008694CE /* CALayer+Sketch.swift */; };
		7D41530B2625FF0E008694CE /* CALayer+Sketch.swift in Sources */ = {isa = PBXBuildFile; fileRef = 7D4153092625FF0E008694CE /* CALayer+Sketch.swift */; };
		7D4FDCF32625B66F00F54C83 /* AppDelegate.swift in Sources */ = {isa = PBXBuildFile; fileRef = 7D4FDCF22625B66F00F54C83 /* AppDelegate.swift */; };
		7D4FDCFC2625B67100F54C83 /* Assets.xcassets in Resources */ = {isa = PBXBuildFile; fileRef = 7D4FDCFB2625B67100F54C83 /* Assets.xcassets */; };
		7D4FDCFF2625B67100F54C83 /* LaunchScreen.storyboard in Resources */ = {isa = PBXBuildFile; fileRef = 7D4FDCFD2625B67100F54C83 /* LaunchScreen.storyboard */; };
		7DA42B4C262607DB00449018 /* UIViewController+Navigation.swift in Sources */ = {isa = PBXBuildFile; fileRef = 7DA42B4B262607DB00449018 /* UIViewController+Navigation.swift */; };
		7DA42B4F262607DE00449018 /* UIViewController+Navigation.swift in Sources */ = {isa = PBXBuildFile; fileRef = 7DA42B4B262607DB00449018 /* UIViewController+Navigation.swift */; };
		7DA42B54262608EE00449018 /* SearchWeatherCell.swift in Sources */ = {isa = PBXBuildFile; fileRef = 7DA42B52262608ED00449018 /* SearchWeatherCell.swift */; };
		7DA42B55262608EE00449018 /* SearchWeatherCell.swift in Sources */ = {isa = PBXBuildFile; fileRef = 7DA42B52262608ED00449018 /* SearchWeatherCell.swift */; };
		7DA42B56262608EE00449018 /* SearchWeatherCell.xib in Resources */ = {isa = PBXBuildFile; fileRef = 7DA42B53262608ED00449018 /* SearchWeatherCell.xib */; };
		7DA42B57262608EE00449018 /* SearchWeatherCell.xib in Resources */ = {isa = PBXBuildFile; fileRef = 7DA42B53262608ED00449018 /* SearchWeatherCell.xib */; };
		87EBC1CF0D648359C68BEDA2 /* libPods-Weather.a in Frameworks */ = {isa = PBXBuildFile; fileRef = 7707454521F4E093049EE653 /* libPods-Weather.a */; };
/* End PBXBuildFile section */

/* Begin PBXFileReference section */
		649BC105913DAB65C6F6C418 /* libPods-WeatherStaging.a */ = {isa = PBXFileReference; explicitFileType = archive.ar; includeInIndex = 0; path = "libPods-WeatherStaging.a"; sourceTree = BUILT_PRODUCTS_DIR; };
		7707454521F4E093049EE653 /* libPods-Weather.a */ = {isa = PBXFileReference; explicitFileType = archive.ar; includeInIndex = 0; path = "libPods-Weather.a"; sourceTree = BUILT_PRODUCTS_DIR; };
		7D4152112625BADE008694CE /* WeatherStaging.app */ = {isa = PBXFileReference; explicitFileType = wrapper.application; includeInIndex = 0; path = WeatherStaging.app; sourceTree = BUILT_PRODUCTS_DIR; };
		7D41521C2625BADF008694CE /* Assets.xcassets */ = {isa = PBXFileReference; lastKnownFileType = folder.assetcatalog; path = Assets.xcassets; sourceTree = "<group>"; };
		7D41521F2625BADF008694CE /* Base */ = {isa = PBXFileReference; lastKnownFileType = file.storyboard; name = Base; path = Base.lproj/LaunchScreen.storyboard; sourceTree = "<group>"; };
		7D4152212625BADF008694CE /* Info.plist */ = {isa = PBXFileReference; lastKnownFileType = text.plist.xml; path = Info.plist; sourceTree = "<group>"; };
		7D4152612625C754008694CE /* MainWeather.storyboard */ = {isa = PBXFileReference; lastKnownFileType = file.storyboard; path = MainWeather.storyboard; sourceTree = "<group>"; };
		7D4152652625C771008694CE /* MainWeatherViewController.swift */ = {isa = PBXFileReference; lastKnownFileType = sourcecode.swift; path = MainWeatherViewController.swift; sourceTree = "<group>"; };
		7D41526D2625C7EC008694CE /* MainWeatherContract.swift */ = {isa = PBXFileReference; lastKnownFileType = sourcecode.swift; path = MainWeatherContract.swift; sourceTree = "<group>"; };
		7D4152722625C80A008694CE /* MainWeatherInteractor.swift */ = {isa = PBXFileReference; lastKnownFileType = sourcecode.swift; path = MainWeatherInteractor.swift; sourceTree = "<group>"; };
		7D4152772625C81C008694CE /* MainWeatherPresenter.swift */ = {isa = PBXFileReference; lastKnownFileType = sourcecode.swift; path = MainWeatherPresenter.swift; sourceTree = "<group>"; };
		7D41527C2625C82A008694CE /* MainWeatherRouter.swift */ = {isa = PBXFileReference; lastKnownFileType = sourcecode.swift; path = MainWeatherRouter.swift; sourceTree = "<group>"; };
		7D41528A2625CB57008694CE /* SearchWeatherContract.swift */ = {isa = PBXFileReference; lastKnownFileType = sourcecode.swift; path = SearchWeatherContract.swift; sourceTree = "<group>"; };
		7D4152912625CB69008694CE /* SearchWeatherInteractor.swift */ = {isa = PBXFileReference; lastKnownFileType = sourcecode.swift; path = SearchWeatherInteractor.swift; sourceTree = "<group>"; };
		7D4152962625CB86008694CE /* SearchWeatherPresenter.swift */ = {isa = PBXFileReference; lastKnownFileType = sourcecode.swift; path = SearchWeatherPresenter.swift; sourceTree = "<group>"; };
		7D41529B2625CB95008694CE /* SearchWeatherRouter.swift */ = {isa = PBXFileReference; lastKnownFileType = sourcecode.swift; path = SearchWeatherRouter.swift; sourceTree = "<group>"; };
		7D4152A12625CBAE008694CE /* SearchWeather.storyboard */ = {isa = PBXFileReference; lastKnownFileType = file.storyboard; path = SearchWeather.storyboard; sourceTree = "<group>"; };
		7D4152A62625CBD2008694CE /* SearchWeatherViewController.swift */ = {isa = PBXFileReference; lastKnownFileType = sourcecode.swift; path = SearchWeatherViewController.swift; sourceTree = "<group>"; };
		7D4152AE2625CC4E008694CE /* AboutWeatherContract.swift */ = {isa = PBXFileReference; lastKnownFileType = sourcecode.swift; path = AboutWeatherContract.swift; sourceTree = "<group>"; };
		7D4152B32625CC62008694CE /* AboutWeatherInteractor.swift */ = {isa = PBXFileReference; lastKnownFileType = sourcecode.swift; path = AboutWeatherInteractor.swift; sourceTree = "<group>"; };
		7D4152B82625CC78008694CE /* AboutWeatherPresenter.swift */ = {isa = PBXFileReference; lastKnownFileType = sourcecode.swift; path = AboutWeatherPresenter.swift; sourceTree = "<group>"; };
		7D4152BD2625CC87008694CE /* AboutWeatherRouter.swift */ = {isa = PBXFileReference; lastKnownFileType = sourcecode.swift; path = AboutWeatherRouter.swift; sourceTree = "<group>"; };
		7D4152C32625CCA0008694CE /* AboutWeather.storyboard */ = {isa = PBXFileReference; lastKnownFileType = file.storyboard; path = AboutWeather.storyboard; sourceTree = "<group>"; };
		7D4152C82625CCB2008694CE /* AboutWeatherViewController.swift */ = {isa = PBXFileReference; lastKnownFileType = sourcecode.swift; path = AboutWeatherViewController.swift; sourceTree = "<group>"; };
		7D4152CD2625CD39008694CE /* BaseViewController.swift */ = {isa = PBXFileReference; lastKnownFileType = sourcecode.swift; path = BaseViewController.swift; sourceTree = "<group>"; };
		7D4152D42625CD6A008694CE /* ColorConstants.swift */ = {isa = PBXFileReference; lastKnownFileType = sourcecode.swift; path = ColorConstants.swift; sourceTree = "<group>"; };
		7D4152DB2625CDB0008694CE /* UIColor+RGB.swift */ = {isa = PBXFileReference; lastKnownFileType = sourcecode.swift; path = "UIColor+RGB.swift"; sourceTree = "<group>"; };
		7D4152E02625DDD2008694CE /* IntrinsicTableView.swift */ = {isa = PBXFileReference; lastKnownFileType = sourcecode.swift; path = IntrinsicTableView.swift; sourceTree = "<group>"; };
		7D4152EF2625DFE5008694CE /* WeatherDetailCell.swift */ = {isa = PBXFileReference; lastKnownFileType = sourcecode.swift; path = WeatherDetailCell.swift; sourceTree = "<group>"; };
		7D4152F02625DFE5008694CE /* WeatherDetailCell.xib */ = {isa = PBXFileReference; lastKnownFileType = file.xib; path = WeatherDetailCell.xib; sourceTree = "<group>"; };
		7D4153012625FE4D008694CE /* ForecastWeatherCell.swift */ = {isa = PBXFileReference; lastKnownFileType = sourcecode.swift; path = ForecastWeatherCell.swift; sourceTree = "<group>"; };
		7D4153022625FE4D008694CE /* ForecastWeatherCell.xib */ = {isa = PBXFileReference; lastKnownFileType = file.xib; path = ForecastWeatherCell.xib; sourceTree = "<group>"; };
		7D4153092625FF0E008694CE /* CALayer+Sketch.swift */ = {isa = PBXFileReference; lastKnownFileType = sourcecode.swift; path = "CALayer+Sketch.swift"; sourceTree = "<group>"; };
		7D4FDCEF2625B66F00F54C83 /* Weather.app */ = {isa = PBXFileReference; explicitFileType = wrapper.application; includeInIndex = 0; path = Weather.app; sourceTree = BUILT_PRODUCTS_DIR; };
		7D4FDCF22625B66F00F54C83 /* AppDelegate.swift */ = {isa = PBXFileReference; lastKnownFileType = sourcecode.swift; path = AppDelegate.swift; sourceTree = "<group>"; };
		7D4FDCFB2625B67100F54C83 /* Assets.xcassets */ = {isa = PBXFileReference; lastKnownFileType = folder.assetcatalog; path = Assets.xcassets; sourceTree = "<group>"; };
		7D4FDCFE2625B67100F54C83 /* Base */ = {isa = PBXFileReference; lastKnownFileType = file.storyboard; name = Base; path = Base.lproj/LaunchScreen.storyboard; sourceTree = "<group>"; };
		7D4FDD002625B67100F54C83 /* Info.plist */ = {isa = PBXFileReference; lastKnownFileType = text.plist.xml; path = Info.plist; sourceTree = "<group>"; };
		7DA42B4B262607DB00449018 /* UIViewController+Navigation.swift */ = {isa = PBXFileReference; lastKnownFileType = sourcecode.swift; path = "UIViewController+Navigation.swift"; sourceTree = "<group>"; };
		7DA42B52262608ED00449018 /* SearchWeatherCell.swift */ = {isa = PBXFileReference; lastKnownFileType = sourcecode.swift; path = SearchWeatherCell.swift; sourceTree = "<group>"; };
		7DA42B53262608ED00449018 /* SearchWeatherCell.xib */ = {isa = PBXFileReference; lastKnownFileType = file.xib; path = SearchWeatherCell.xib; sourceTree = "<group>"; };
		BB11D4F75D345FC96C30ECC8 /* Pods-Weather.debug.xcconfig */ = {isa = PBXFileReference; includeInIndex = 1; lastKnownFileType = text.xcconfig; name = "Pods-Weather.debug.xcconfig"; path = "Target Support Files/Pods-Weather/Pods-Weather.debug.xcconfig"; sourceTree = "<group>"; };
		BFD1A36F7ED33A2C08021CF1 /* Pods-WeatherStaging.debug.xcconfig */ = {isa = PBXFileReference; includeInIndex = 1; lastKnownFileType = text.xcconfig; name = "Pods-WeatherStaging.debug.xcconfig"; path = "Target Support Files/Pods-WeatherStaging/Pods-WeatherStaging.debug.xcconfig"; sourceTree = "<group>"; };
		C5B8AAFCF74AA08F30454A74 /* Pods-WeatherStaging.release.xcconfig */ = {isa = PBXFileReference; includeInIndex = 1; lastKnownFileType = text.xcconfig; name = "Pods-WeatherStaging.release.xcconfig"; path = "Target Support Files/Pods-WeatherStaging/Pods-WeatherStaging.release.xcconfig"; sourceTree = "<group>"; };
		CF0CC4C43340B8E55F67A3DF /* Pods-Weather.release.xcconfig */ = {isa = PBXFileReference; includeInIndex = 1; lastKnownFileType = text.xcconfig; name = "Pods-Weather.release.xcconfig"; path = "Target Support Files/Pods-Weather/Pods-Weather.release.xcconfig"; sourceTree = "<group>"; };
/* End PBXFileReference section */

/* Begin PBXFrameworksBuildPhase section */
		7D41520E2625BADE008694CE /* Frameworks */ = {
			isa = PBXFrameworksBuildPhase;
			buildActionMask = 2147483647;
			files = (
				75922D5AF082AFBD9120E1EB /* libPods-WeatherStaging.a in Frameworks */,
			);
			runOnlyForDeploymentPostprocessing = 0;
		};
		7D4FDCEC2625B66F00F54C83 /* Frameworks */ = {
			isa = PBXFrameworksBuildPhase;
			buildActionMask = 2147483647;
			files = (
				87EBC1CF0D648359C68BEDA2 /* libPods-Weather.a in Frameworks */,
			);
			runOnlyForDeploymentPostprocessing = 0;
		};
/* End PBXFrameworksBuildPhase section */

/* Begin PBXGroup section */
		2ADE0C6781458021E3784225 /* Pods */ = {
			isa = PBXGroup;
			children = (
				BB11D4F75D345FC96C30ECC8 /* Pods-Weather.debug.xcconfig */,
				CF0CC4C43340B8E55F67A3DF /* Pods-Weather.release.xcconfig */,
				BFD1A36F7ED33A2C08021CF1 /* Pods-WeatherStaging.debug.xcconfig */,
				C5B8AAFCF74AA08F30454A74 /* Pods-WeatherStaging.release.xcconfig */,
			);
			path = Pods;
			sourceTree = "<group>";
		};
		625B929F144E6F4D7A5B7FA5 /* Frameworks */ = {
			isa = PBXGroup;
			children = (
				7707454521F4E093049EE653 /* libPods-Weather.a */,
				649BC105913DAB65C6F6C418 /* libPods-WeatherStaging.a */,
			);
			name = Frameworks;
			sourceTree = "<group>";
		};
		7D4152122625BADE008694CE /* WeatherStaging */ = {
			isa = PBXGroup;
			children = (
				7D41521C2625BADF008694CE /* Assets.xcassets */,
				7D41521E2625BADF008694CE /* LaunchScreen.storyboard */,
				7D4152212625BADF008694CE /* Info.plist */,
			);
			path = WeatherStaging;
			sourceTree = "<group>";
		};
		7D41524E2625C3BF008694CE /* APIs */ = {
			isa = PBXGroup;
			children = (
			);
			path = APIs;
			sourceTree = "<group>";
		};
		7D41524F2625C3CE008694CE /* Constants */ = {
			isa = PBXGroup;
			children = (
				7D4152D42625CD6A008694CE /* ColorConstants.swift */,
			);
			path = Constants;
			sourceTree = "<group>";
		};
		7D4152502625C3E1008694CE /* DAOs */ = {
			isa = PBXGroup;
			children = (
			);
			path = DAOs;
			sourceTree = "<group>";
		};
		7D4152512625C3ED008694CE /* Entities */ = {
			isa = PBXGroup;
			children = (
			);
			path = Entities;
			sourceTree = "<group>";
		};
		7D4152522625C3FC008694CE /* Enumerations */ = {
			isa = PBXGroup;
			children = (
			);
			path = Enumerations;
			sourceTree = "<group>";
		};
		7D4152532625C40B008694CE /* Extensions */ = {
			isa = PBXGroup;
			children = (
				7D4152DB2625CDB0008694CE /* UIColor+RGB.swift */,
				7D4153092625FF0E008694CE /* CALayer+Sketch.swift */,
				7DA42B4B262607DB00449018 /* UIViewController+Navigation.swift */,
			);
			path = Extensions;
			sourceTree = "<group>";
		};
		7D4152542625C418008694CE /* Helpers */ = {
			isa = PBXGroup;
			children = (
				7D4152E02625DDD2008694CE /* IntrinsicTableView.swift */,
			);
			path = Helpers;
			sourceTree = "<group>";
		};
		7D4152552625C422008694CE /* Modules */ = {
			isa = PBXGroup;
			children = (
				7D4152CD2625CD39008694CE /* BaseViewController.swift */,
				7D41525F2625C6A2008694CE /* AboutWeather */,
				7D41525D2625C679008694CE /* MainWeather */,
				7D41525E2625C692008694CE /* SearchWeather */,
			);
			path = Modules;
			sourceTree = "<group>";
		};
		7D4152562625C42C008694CE /* Requests */ = {
			isa = PBXGroup;
			children = (
			);
			path = Requests;
			sourceTree = "<group>";
		};
		7D41525D2625C679008694CE /* MainWeather */ = {
			isa = PBXGroup;
			children = (
				7D41526D2625C7EC008694CE /* MainWeatherContract.swift */,
				7D4152722625C80A008694CE /* MainWeatherInteractor.swift */,
				7D4152772625C81C008694CE /* MainWeatherPresenter.swift */,
				7D41527C2625C82A008694CE /* MainWeatherRouter.swift */,
				7D4152602625C733008694CE /* View */,
			);
			path = MainWeather;
			sourceTree = "<group>";
		};
		7D41525E2625C692008694CE /* SearchWeather */ = {
			isa = PBXGroup;
			children = (
				7D41528A2625CB57008694CE /* SearchWeatherContract.swift */,
				7D4152912625CB69008694CE /* SearchWeatherInteractor.swift */,
				7D4152962625CB86008694CE /* SearchWeatherPresenter.swift */,
				7D41529B2625CB95008694CE /* SearchWeatherRouter.swift */,
				7D4152A02625CB9D008694CE /* View */,
			);
			path = SearchWeather;
			sourceTree = "<group>";
		};
		7D41525F2625C6A2008694CE /* AboutWeather */ = {
			isa = PBXGroup;
			children = (
				7D4152AE2625CC4E008694CE /* AboutWeatherContract.swift */,
				7D4152B32625CC62008694CE /* AboutWeatherInteractor.swift */,
				7D4152B82625CC78008694CE /* AboutWeatherPresenter.swift */,
				7D4152BD2625CC87008694CE /* AboutWeatherRouter.swift */,
				7D4152C22625CC8C008694CE /* View */,
			);
			path = AboutWeather;
			sourceTree = "<group>";
		};
		7D4152602625C733008694CE /* View */ = {
			isa = PBXGroup;
			children = (
				7D4152892625CB43008694CE /* Cells */,
				7D4152612625C754008694CE /* MainWeather.storyboard */,
				7D4152652625C771008694CE /* MainWeatherViewController.swift */,
			);
			path = View;
			sourceTree = "<group>";
		};
		7D4152892625CB43008694CE /* Cells */ = {
			isa = PBXGroup;
			children = (
				7D4152F72625FE1F008694CE /* ForecastWeatherCell */,
				7D4152E52625DFAE008694CE /* WeatherDetailCell */,
			);
			path = Cells;
			sourceTree = "<group>";
		};
		7D4152A02625CB9D008694CE /* View */ = {
			isa = PBXGroup;
			children = (
				7D4152AB2625CBF7008694CE /* Cells */,
				7D4152A12625CBAE008694CE /* SearchWeather.storyboard */,
				7D4152A62625CBD2008694CE /* SearchWeatherViewController.swift */,
			);
			path = View;
			sourceTree = "<group>";
		};
		7D4152AB2625CBF7008694CE /* Cells */ = {
			isa = PBXGroup;
			children = (
				7DA42B52262608ED00449018 /* SearchWeatherCell.swift */,
				7DA42B53262608ED00449018 /* SearchWeatherCell.xib */,
			);
			path = Cells;
			sourceTree = "<group>";
		};
		7D4152C22625CC8C008694CE /* View */ = {
			isa = PBXGroup;
			children = (
				7D4152C32625CCA0008694CE /* AboutWeather.storyboard */,
				7D4152C82625CCB2008694CE /* AboutWeatherViewController.swift */,
			);
			path = View;
			sourceTree = "<group>";
		};
		7D4152E52625DFAE008694CE /* WeatherDetailCell */ = {
			isa = PBXGroup;
			children = (
				7D4152EF2625DFE5008694CE /* WeatherDetailCell.swift */,
				7D4152F02625DFE5008694CE /* WeatherDetailCell.xib */,
			);
			path = WeatherDetailCell;
			sourceTree = "<group>";
		};
		7D4152F72625FE1F008694CE /* ForecastWeatherCell */ = {
			isa = PBXGroup;
			children = (
				7D4153012625FE4D008694CE /* ForecastWeatherCell.swift */,
				7D4153022625FE4D008694CE /* ForecastWeatherCell.xib */,
			);
			path = ForecastWeatherCell;
			sourceTree = "<group>";
		};
		7D4FDCE62625B66F00F54C83 = {
			isa = PBXGroup;
			children = (
				7D4FDCF12625B66F00F54C83 /* Weather */,
				7D4152122625BADE008694CE /* WeatherStaging */,
				7D4FDCF02625B66F00F54C83 /* Products */,
				2ADE0C6781458021E3784225 /* Pods */,
				625B929F144E6F4D7A5B7FA5 /* Frameworks */,
			);
			sourceTree = "<group>";
		};
		7D4FDCF02625B66F00F54C83 /* Products */ = {
			isa = PBXGroup;
			children = (
				7D4FDCEF2625B66F00F54C83 /* Weather.app */,
				7D4152112625BADE008694CE /* WeatherStaging.app */,
			);
			name = Products;
			sourceTree = "<group>";
		};
		7D4FDCF12625B66F00F54C83 /* Weather */ = {
			isa = PBXGroup;
			children = (
				7D4FDD002625B67100F54C83 /* Info.plist */,
				7D4FDCF22625B66F00F54C83 /* AppDelegate.swift */,
				7D4FDCFB2625B67100F54C83 /* Assets.xcassets */,
				7D4FDCFD2625B67100F54C83 /* LaunchScreen.storyboard */,
				7D41524E2625C3BF008694CE /* APIs */,
				7D41524F2625C3CE008694CE /* Constants */,
				7D4152502625C3E1008694CE /* DAOs */,
				7D4152512625C3ED008694CE /* Entities */,
				7D4152522625C3FC008694CE /* Enumerations */,
				7D4152532625C40B008694CE /* Extensions */,
				7D4152542625C418008694CE /* Helpers */,
				7D4152552625C422008694CE /* Modules */,
				7D4152562625C42C008694CE /* Requests */,
			);
			path = Weather;
			sourceTree = "<group>";
		};
/* End PBXGroup section */

/* Begin PBXNativeTarget section */
		7D4152102625BADE008694CE /* WeatherStaging */ = {
			isa = PBXNativeTarget;
			buildConfigurationList = 7D4152222625BADF008694CE /* Build configuration list for PBXNativeTarget "WeatherStaging" */;
			buildPhases = (
				0F22E8426C915F9ABE72CA9E /* [CP] Check Pods Manifest.lock */,
				7D41520D2625BADE008694CE /* Sources */,
				7D41520E2625BADE008694CE /* Frameworks */,
				7D41520F2625BADE008694CE /* Resources */,
			);
			buildRules = (
			);
			dependencies = (
			);
			name = WeatherStaging;
			productName = WeatherStaging;
			productReference = 7D4152112625BADE008694CE /* WeatherStaging.app */;
			productType = "com.apple.product-type.application";
		};
		7D4FDCEE2625B66F00F54C83 /* Weather */ = {
			isa = PBXNativeTarget;
			buildConfigurationList = 7D4FDD032625B67100F54C83 /* Build configuration list for PBXNativeTarget "Weather" */;
			buildPhases = (
				2FCBFFA7F316267133E3E39A /* [CP] Check Pods Manifest.lock */,
				7D4FDCEB2625B66F00F54C83 /* Sources */,
				7D4FDCEC2625B66F00F54C83 /* Frameworks */,
				7D4FDCED2625B66F00F54C83 /* Resources */,
			);
			buildRules = (
			);
			dependencies = (
			);
			name = Weather;
			productName = Weather;
			productReference = 7D4FDCEF2625B66F00F54C83 /* Weather.app */;
			productType = "com.apple.product-type.application";
		};
/* End PBXNativeTarget section */

/* Begin PBXProject section */
		7D4FDCE72625B66F00F54C83 /* Project object */ = {
			isa = PBXProject;
			attributes = {
				LastSwiftUpdateCheck = 1200;
				LastUpgradeCheck = 1240;
				TargetAttributes = {
					7D4152102625BADE008694CE = {
						CreatedOnToolsVersion = 12.0.1;
					};
					7D4FDCEE2625B66F00F54C83 = {
						CreatedOnToolsVersion = 12.4;
					};
				};
			};
			buildConfigurationList = 7D4FDCEA2625B66F00F54C83 /* Build configuration list for PBXProject "Weather" */;
			compatibilityVersion = "Xcode 9.3";
			developmentRegion = en;
			hasScannedForEncodings = 0;
			knownRegions = (
				en,
				Base,
			);
			mainGroup = 7D4FDCE62625B66F00F54C83;
			productRefGroup = 7D4FDCF02625B66F00F54C83 /* Products */;
			projectDirPath = "";
			projectRoot = "";
			targets = (
				7D4FDCEE2625B66F00F54C83 /* Weather */,
				7D4152102625BADE008694CE /* WeatherStaging */,
			);
		};
/* End PBXProject section */

/* Begin PBXResourcesBuildPhase section */
		7D41520F2625BADE008694CE /* Resources */ = {
			isa = PBXResourcesBuildPhase;
			buildActionMask = 2147483647;
			files = (
				7D4152202625BADF008694CE /* LaunchScreen.storyboard in Resources */,
				7D4152F42625DFE5008694CE /* WeatherDetailCell.xib in Resources */,
				7D4152C52625CCA0008694CE /* AboutWeather.storyboard in Resources */,
				7DA42B57262608EE00449018 /* SearchWeatherCell.xib in Resources */,
				7D4152A32625CBAE008694CE /* SearchWeather.storyboard in Resources */,
				7D41522E2625BB2F008694CE /* Assets.xcassets in Resources */,
				7D41521D2625BADF008694CE /* Assets.xcassets in Resources */,
				7D41526A2625C777008694CE /* MainWeather.storyboard in Resources */,
				7D4153062625FE4D008694CE /* ForecastWeatherCell.xib in Resources */,
			);
			runOnlyForDeploymentPostprocessing = 0;
		};
		7D4FDCED2625B66F00F54C83 /* Resources */ = {
			isa = PBXResourcesBuildPhase;
			buildActionMask = 2147483647;
			files = (
				7D4FDCFF2625B67100F54C83 /* LaunchScreen.storyboard in Resources */,
				7D4152A22625CBAE008694CE /* SearchWeather.storyboard in Resources */,
				7D4153052625FE4D008694CE /* ForecastWeatherCell.xib in Resources */,
				7D4152C42625CCA0008694CE /* AboutWeather.storyboard in Resources */,
				7DA42B56262608EE00449018 /* SearchWeatherCell.xib in Resources */,
				7D4152F32625DFE5008694CE /* WeatherDetailCell.xib in Resources */,
				7D4FDCFC2625B67100F54C83 /* Assets.xcassets in Resources */,
				7D4152622625C754008694CE /* MainWeather.storyboard in Resources */,
			);
			runOnlyForDeploymentPostprocessing = 0;
		};
/* End PBXResourcesBuildPhase section */

/* Begin PBXShellScriptBuildPhase section */
		0F22E8426C915F9ABE72CA9E /* [CP] Check Pods Manifest.lock */ = {
			isa = PBXShellScriptBuildPhase;
			buildActionMask = 2147483647;
			files = (
			);
			inputFileListPaths = (
			);
			inputPaths = (
				"${PODS_PODFILE_DIR_PATH}/Podfile.lock",
				"${PODS_ROOT}/Manifest.lock",
			);
			name = "[CP] Check Pods Manifest.lock";
			outputFileListPaths = (
			);
			outputPaths = (
				"$(DERIVED_FILE_DIR)/Pods-WeatherStaging-checkManifestLockResult.txt",
			);
			runOnlyForDeploymentPostprocessing = 0;
			shellPath = /bin/sh;
			shellScript = "diff \"${PODS_PODFILE_DIR_PATH}/Podfile.lock\" \"${PODS_ROOT}/Manifest.lock\" > /dev/null\nif [ $? != 0 ] ; then\n    # print error to STDERR\n    echo \"error: The sandbox is not in sync with the Podfile.lock. Run 'pod install' or update your CocoaPods installation.\" >&2\n    exit 1\nfi\n# This output is used by Xcode 'outputs' to avoid re-running this script phase.\necho \"SUCCESS\" > \"${SCRIPT_OUTPUT_FILE_0}\"\n";
			showEnvVarsInLog = 0;
		};
		2FCBFFA7F316267133E3E39A /* [CP] Check Pods Manifest.lock */ = {
			isa = PBXShellScriptBuildPhase;
			buildActionMask = 2147483647;
			files = (
			);
			inputFileListPaths = (
			);
			inputPaths = (
				"${PODS_PODFILE_DIR_PATH}/Podfile.lock",
				"${PODS_ROOT}/Manifest.lock",
			);
			name = "[CP] Check Pods Manifest.lock";
			outputFileListPaths = (
			);
			outputPaths = (
				"$(DERIVED_FILE_DIR)/Pods-Weather-checkManifestLockResult.txt",
			);
			runOnlyForDeploymentPostprocessing = 0;
			shellPath = /bin/sh;
			shellScript = "diff \"${PODS_PODFILE_DIR_PATH}/Podfile.lock\" \"${PODS_ROOT}/Manifest.lock\" > /dev/null\nif [ $? != 0 ] ; then\n    # print error to STDERR\n    echo \"error: The sandbox is not in sync with the Podfile.lock. Run 'pod install' or update your CocoaPods installation.\" >&2\n    exit 1\nfi\n# This output is used by Xcode 'outputs' to avoid re-running this script phase.\necho \"SUCCESS\" > \"${SCRIPT_OUTPUT_FILE_0}\"\n";
			showEnvVarsInLog = 0;
		};
/* End PBXShellScriptBuildPhase section */

/* Begin PBXSourcesBuildPhase section */
		7D41520D2625BADE008694CE /* Sources */ = {
			isa = PBXSourcesBuildPhase;
			buildActionMask = 2147483647;
			files = (
				7D41528C2625CB57008694CE /* SearchWeatherContract.swift in Sources */,
				7D4152932625CB69008694CE /* SearchWeatherInteractor.swift in Sources */,
				7D4152F22625DFE5008694CE /* WeatherDetailCell.swift in Sources */,
				7D41522B2625BB27008694CE /* AppDelegate.swift in Sources */,
				7D4152B52625CC62008694CE /* AboutWeatherInteractor.swift in Sources */,
				7D4152742625C80A008694CE /* MainWeatherInteractor.swift in Sources */,
				7D4152E22625DDD2008694CE /* IntrinsicTableView.swift in Sources */,
				7D4152672625C771008694CE /* MainWeatherViewController.swift in Sources */,
				7D4152982625CB86008694CE /* SearchWeatherPresenter.swift in Sources */,
				7D4152DD2625CDB0008694CE /* UIColor+RGB.swift in Sources */,
				7D4152CF2625CD39008694CE /* BaseViewController.swift in Sources */,
				7D41530B2625FF0E008694CE /* CALayer+Sketch.swift in Sources */,
				7DA42B4F262607DE00449018 /* UIViewController+Navigation.swift in Sources */,
				7D4152A82625CBD2008694CE /* SearchWeatherViewController.swift in Sources */,
				7D4152BF2625CC87008694CE /* AboutWeatherRouter.swift in Sources */,
				7DA42B55262608EE00449018 /* SearchWeatherCell.swift in Sources */,
				7D4152792625C81C008694CE /* MainWeatherPresenter.swift in Sources */,
				7D4152CA2625CCB2008694CE /* AboutWeatherViewController.swift in Sources */,
				7D4153042625FE4D008694CE /* ForecastWeatherCell.swift in Sources */,
				7D41529D2625CB95008694CE /* SearchWeatherRouter.swift in Sources */,
				7D41526F2625C7EC008694CE /* MainWeatherContract.swift in Sources */,
				7D4152B02625CC4E008694CE /* AboutWeatherContract.swift in Sources */,
				7D4152D62625CD6A008694CE /* ColorConstants.swift in Sources */,
				7D41527E2625C82A008694CE /* MainWeatherRouter.swift in Sources */,
				7D4152BA2625CC78008694CE /* AboutWeatherPresenter.swift in Sources */,
			);
			runOnlyForDeploymentPostprocessing = 0;
		};
		7D4FDCEB2625B66F00F54C83 /* Sources */ = {
			isa = PBXSourcesBuildPhase;
			buildActionMask = 2147483647;
			files = (
				7D41528B2625CB57008694CE /* SearchWeatherContract.swift in Sources */,
				7D4152922625CB69008694CE /* SearchWeatherInteractor.swift in Sources */,
				7D4152F12625DFE5008694CE /* WeatherDetailCell.swift in Sources */,
				7D41527D2625C82A008694CE /* MainWeatherRouter.swift in Sources */,
				7D4152B42625CC62008694CE /* AboutWeatherInteractor.swift in Sources */,
				7D41526E2625C7EC008694CE /* MainWeatherContract.swift in Sources */,
				7D4152E12625DDD2008694CE /* IntrinsicTableView.swift in Sources */,
				7D4FDCF32625B66F00F54C83 /* AppDelegate.swift in Sources */,
				7D4152972625CB86008694CE /* SearchWeatherPresenter.swift in Sources */,
				7D4152DC2625CDB0008694CE /* UIColor+RGB.swift in Sources */,
				7D4152CE2625CD39008694CE /* BaseViewController.swift in Sources */,
				7D41530A2625FF0E008694CE /* CALayer+Sketch.swift in Sources */,
				7DA42B4C262607DB00449018 /* UIViewController+Navigation.swift in Sources */,
				7D4152A72625CBD2008694CE /* SearchWeatherViewController.swift in Sources */,
				7D4152BE2625CC87008694CE /* AboutWeatherRouter.swift in Sources */,
				7DA42B54262608EE00449018 /* SearchWeatherCell.swift in Sources */,
				7D4152782625C81C008694CE /* MainWeatherPresenter.swift in Sources */,
				7D4152C92625CCB2008694CE /* AboutWeatherViewController.swift in Sources */,
				7D4153032625FE4D008694CE /* ForecastWeatherCell.swift in Sources */,
				7D41529C2625CB95008694CE /* SearchWeatherRouter.swift in Sources */,
				7D4152662625C771008694CE /* MainWeatherViewController.swift in Sources */,
				7D4152AF2625CC4E008694CE /* AboutWeatherContract.swift in Sources */,
				7D4152D52625CD6A008694CE /* ColorConstants.swift in Sources */,
				7D4152732625C80A008694CE /* MainWeatherInteractor.swift in Sources */,
				7D4152B92625CC78008694CE /* AboutWeatherPresenter.swift in Sources */,
			);
			runOnlyForDeploymentPostprocessing = 0;
		};
/* End PBXSourcesBuildPhase section */

/* Begin PBXVariantGroup section */
		7D41521E2625BADF008694CE /* LaunchScreen.storyboard */ = {
			isa = PBXVariantGroup;
			children = (
				7D41521F2625BADF008694CE /* Base */,
			);
			name = LaunchScreen.storyboard;
			sourceTree = "<group>";
		};
		7D4FDCFD2625B67100F54C83 /* LaunchScreen.storyboard */ = {
			isa = PBXVariantGroup;
			children = (
				7D4FDCFE2625B67100F54C83 /* Base */,
			);
			name = LaunchScreen.storyboard;
			sourceTree = "<group>";
		};
/* End PBXVariantGroup section */

/* Begin XCBuildConfiguration section */
		7D4152232625BADF008694CE /* Debug */ = {
			isa = XCBuildConfiguration;
			baseConfigurationReference = BFD1A36F7ED33A2C08021CF1 /* Pods-WeatherStaging.debug.xcconfig */;
			buildSettings = {
				ASSETCATALOG_COMPILER_APPICON_NAME = AppIcon_Staging;
				ASSETCATALOG_COMPILER_GLOBAL_ACCENT_COLOR_NAME = AccentColor;
				CODE_SIGN_STYLE = Automatic;
				INFOPLIST_FILE = WeatherStaging/Info.plist;
				IPHONEOS_DEPLOYMENT_TARGET = 11.0;
				LD_RUNPATH_SEARCH_PATHS = (
					"$(inherited)",
					"@executable_path/Frameworks",
				);
				PRODUCT_BUNDLE_IDENTIFIER = com.sandysusanto.WeatherStaging;
				PRODUCT_NAME = "$(TARGET_NAME)";
				SWIFT_ACTIVE_COMPILATION_CONDITIONS = "DEBUG STAGING";
				SWIFT_VERSION = 5.0;
				TARGETED_DEVICE_FAMILY = "1,2";
			};
			name = Debug;
		};
		7D4152242625BADF008694CE /* Release */ = {
			isa = XCBuildConfiguration;
			baseConfigurationReference = C5B8AAFCF74AA08F30454A74 /* Pods-WeatherStaging.release.xcconfig */;
			buildSettings = {
				ASSETCATALOG_COMPILER_APPICON_NAME = AppIcon_Staging;
				ASSETCATALOG_COMPILER_GLOBAL_ACCENT_COLOR_NAME = AccentColor;
				CODE_SIGN_STYLE = Automatic;
				INFOPLIST_FILE = WeatherStaging/Info.plist;
				IPHONEOS_DEPLOYMENT_TARGET = 11.0;
				LD_RUNPATH_SEARCH_PATHS = (
					"$(inherited)",
					"@executable_path/Frameworks",
				);
				PRODUCT_BUNDLE_IDENTIFIER = com.sandysusanto.WeatherStaging;
				PRODUCT_NAME = "$(TARGET_NAME)";
				SWIFT_ACTIVE_COMPILATION_CONDITIONS = "RELEASE STAGING";
				SWIFT_VERSION = 5.0;
				TARGETED_DEVICE_FAMILY = "1,2";
			};
			name = Release;
		};
		7D4FDD012625B67100F54C83 /* Debug */ = {
			isa = XCBuildConfiguration;
			buildSettings = {
				ALWAYS_SEARCH_USER_PATHS = NO;
				CLANG_ANALYZER_NONNULL = YES;
				CLANG_ANALYZER_NUMBER_OBJECT_CONVERSION = YES_AGGRESSIVE;
				CLANG_CXX_LANGUAGE_STANDARD = "gnu++14";
				CLANG_CXX_LIBRARY = "libc++";
				CLANG_ENABLE_MODULES = YES;
				CLANG_ENABLE_OBJC_ARC = YES;
				CLANG_ENABLE_OBJC_WEAK = YES;
				CLANG_WARN_BLOCK_CAPTURE_AUTORELEASING = YES;
				CLANG_WARN_BOOL_CONVERSION = YES;
				CLANG_WARN_COMMA = YES;
				CLANG_WARN_CONSTANT_CONVERSION = YES;
				CLANG_WARN_DEPRECATED_OBJC_IMPLEMENTATIONS = YES;
				CLANG_WARN_DIRECT_OBJC_ISA_USAGE = YES_ERROR;
				CLANG_WARN_DOCUMENTATION_COMMENTS = YES;
				CLANG_WARN_EMPTY_BODY = YES;
				CLANG_WARN_ENUM_CONVERSION = YES;
				CLANG_WARN_INFINITE_RECURSION = YES;
				CLANG_WARN_INT_CONVERSION = YES;
				CLANG_WARN_NON_LITERAL_NULL_CONVERSION = YES;
				CLANG_WARN_OBJC_IMPLICIT_RETAIN_SELF = YES;
				CLANG_WARN_OBJC_LITERAL_CONVERSION = YES;
				CLANG_WARN_OBJC_ROOT_CLASS = YES_ERROR;
				CLANG_WARN_QUOTED_INCLUDE_IN_FRAMEWORK_HEADER = YES;
				CLANG_WARN_RANGE_LOOP_ANALYSIS = YES;
				CLANG_WARN_STRICT_PROTOTYPES = YES;
				CLANG_WARN_SUSPICIOUS_MOVE = YES;
				CLANG_WARN_UNGUARDED_AVAILABILITY = YES_AGGRESSIVE;
				CLANG_WARN_UNREACHABLE_CODE = YES;
				CLANG_WARN__DUPLICATE_METHOD_MATCH = YES;
				COPY_PHASE_STRIP = NO;
				DEBUG_INFORMATION_FORMAT = dwarf;
				ENABLE_STRICT_OBJC_MSGSEND = YES;
				ENABLE_TESTABILITY = YES;
				GCC_C_LANGUAGE_STANDARD = gnu11;
				GCC_DYNAMIC_NO_PIC = NO;
				GCC_NO_COMMON_BLOCKS = YES;
				GCC_OPTIMIZATION_LEVEL = 0;
				GCC_PREPROCESSOR_DEFINITIONS = (
					"DEBUG=1",
					"$(inherited)",
				);
				GCC_WARN_64_TO_32_BIT_CONVERSION = YES;
				GCC_WARN_ABOUT_RETURN_TYPE = YES_ERROR;
				GCC_WARN_UNDECLARED_SELECTOR = YES;
				GCC_WARN_UNINITIALIZED_AUTOS = YES_AGGRESSIVE;
				GCC_WARN_UNUSED_FUNCTION = YES;
				GCC_WARN_UNUSED_VARIABLE = YES;
				IPHONEOS_DEPLOYMENT_TARGET = 11.0;
				MTL_ENABLE_DEBUG_INFO = INCLUDE_SOURCE;
				MTL_FAST_MATH = YES;
				ONLY_ACTIVE_ARCH = YES;
				SDKROOT = iphoneos;
				SWIFT_ACTIVE_COMPILATION_CONDITIONS = DEBUG;
				SWIFT_OPTIMIZATION_LEVEL = "-Onone";
			};
			name = Debug;
		};
		7D4FDD022625B67100F54C83 /* Release */ = {
			isa = XCBuildConfiguration;
			buildSettings = {
				ALWAYS_SEARCH_USER_PATHS = NO;
				CLANG_ANALYZER_NONNULL = YES;
				CLANG_ANALYZER_NUMBER_OBJECT_CONVERSION = YES_AGGRESSIVE;
				CLANG_CXX_LANGUAGE_STANDARD = "gnu++14";
				CLANG_CXX_LIBRARY = "libc++";
				CLANG_ENABLE_MODULES = YES;
				CLANG_ENABLE_OBJC_ARC = YES;
				CLANG_ENABLE_OBJC_WEAK = YES;
				CLANG_WARN_BLOCK_CAPTURE_AUTORELEASING = YES;
				CLANG_WARN_BOOL_CONVERSION = YES;
				CLANG_WARN_COMMA = YES;
				CLANG_WARN_CONSTANT_CONVERSION = YES;
				CLANG_WARN_DEPRECATED_OBJC_IMPLEMENTATIONS = YES;
				CLANG_WARN_DIRECT_OBJC_ISA_USAGE = YES_ERROR;
				CLANG_WARN_DOCUMENTATION_COMMENTS = YES;
				CLANG_WARN_EMPTY_BODY = YES;
				CLANG_WARN_ENUM_CONVERSION = YES;
				CLANG_WARN_INFINITE_RECURSION = YES;
				CLANG_WARN_INT_CONVERSION = YES;
				CLANG_WARN_NON_LITERAL_NULL_CONVERSION = YES;
				CLANG_WARN_OBJC_IMPLICIT_RETAIN_SELF = YES;
				CLANG_WARN_OBJC_LITERAL_CONVERSION = YES;
				CLANG_WARN_OBJC_ROOT_CLASS = YES_ERROR;
				CLANG_WARN_QUOTED_INCLUDE_IN_FRAMEWORK_HEADER = YES;
				CLANG_WARN_RANGE_LOOP_ANALYSIS = YES;
				CLANG_WARN_STRICT_PROTOTYPES = YES;
				CLANG_WARN_SUSPICIOUS_MOVE = YES;
				CLANG_WARN_UNGUARDED_AVAILABILITY = YES_AGGRESSIVE;
				CLANG_WARN_UNREACHABLE_CODE = YES;
				CLANG_WARN__DUPLICATE_METHOD_MATCH = YES;
				COPY_PHASE_STRIP = NO;
				DEBUG_INFORMATION_FORMAT = "dwarf-with-dsym";
				ENABLE_NS_ASSERTIONS = NO;
				ENABLE_STRICT_OBJC_MSGSEND = YES;
				GCC_C_LANGUAGE_STANDARD = gnu11;
				GCC_NO_COMMON_BLOCKS = YES;
				GCC_WARN_64_TO_32_BIT_CONVERSION = YES;
				GCC_WARN_ABOUT_RETURN_TYPE = YES_ERROR;
				GCC_WARN_UNDECLARED_SELECTOR = YES;
				GCC_WARN_UNINITIALIZED_AUTOS = YES_AGGRESSIVE;
				GCC_WARN_UNUSED_FUNCTION = YES;
				GCC_WARN_UNUSED_VARIABLE = YES;
				IPHONEOS_DEPLOYMENT_TARGET = 11.0;
				MTL_ENABLE_DEBUG_INFO = NO;
				MTL_FAST_MATH = YES;
				SDKROOT = iphoneos;
				SWIFT_COMPILATION_MODE = wholemodule;
				SWIFT_OPTIMIZATION_LEVEL = "-O";
				VALIDATE_PRODUCT = YES;
			};
			name = Release;
		};
		7D4FDD042625B67100F54C83 /* Debug */ = {
			isa = XCBuildConfiguration;
			baseConfigurationReference = BB11D4F75D345FC96C30ECC8 /* Pods-Weather.debug.xcconfig */;
			buildSettings = {
				ASSETCATALOG_COMPILER_APPICON_NAME = AppIcon;
				ASSETCATALOG_COMPILER_GLOBAL_ACCENT_COLOR_NAME = AccentColor;
				CODE_SIGN_STYLE = Automatic;
				INFOPLIST_FILE = Weather/Info.plist;
				IPHONEOS_DEPLOYMENT_TARGET = 11.0;
				LD_RUNPATH_SEARCH_PATHS = (
					"$(inherited)",
					"@executable_path/Frameworks",
				);
				PRODUCT_BUNDLE_IDENTIFIER = com.sandysusanto.weather;
				PRODUCT_NAME = "$(TARGET_NAME)";
				SWIFT_ACTIVE_COMPILATION_CONDITIONS = "DEBUG PRODUCTION";
				SWIFT_VERSION = 5.0;
				TARGETED_DEVICE_FAMILY = "1,2";
			};
			name = Debug;
		};
		7D4FDD052625B67100F54C83 /* Release */ = {
			isa = XCBuildConfiguration;
			baseConfigurationReference = CF0CC4C43340B8E55F67A3DF /* Pods-Weather.release.xcconfig */;
			buildSettings = {
				ASSETCATALOG_COMPILER_APPICON_NAME = AppIcon;
				ASSETCATALOG_COMPILER_GLOBAL_ACCENT_COLOR_NAME = AccentColor;
				CODE_SIGN_STYLE = Automatic;
				INFOPLIST_FILE = Weather/Info.plist;
				IPHONEOS_DEPLOYMENT_TARGET = 11.0;
				LD_RUNPATH_SEARCH_PATHS = (
					"$(inherited)",
					"@executable_path/Frameworks",
				);
				PRODUCT_BUNDLE_IDENTIFIER = com.sandysusanto.weather;
				PRODUCT_NAME = "$(TARGET_NAME)";
				SWIFT_ACTIVE_COMPILATION_CONDITIONS = "RELEASE PRODUCTION";
				SWIFT_VERSION = 5.0;
				TARGETED_DEVICE_FAMILY = "1,2";
			};
			name = Release;
		};
/* End XCBuildConfiguration section */

/* Begin XCConfigurationList section */
		7D4152222625BADF008694CE /* Build configuration list for PBXNativeTarget "WeatherStaging" */ = {
			isa = XCConfigurationList;
			buildConfigurations = (
				7D4152232625BADF008694CE /* Debug */,
				7D4152242625BADF008694CE /* Release */,
			);
			defaultConfigurationIsVisible = 0;
			defaultConfigurationName = Release;
		};
		7D4FDCEA2625B66F00F54C83 /* Build configuration list for PBXProject "Weather" */ = {
			isa = XCConfigurationList;
			buildConfigurations = (
				7D4FDD012625B67100F54C83 /* Debug */,
				7D4FDD022625B67100F54C83 /* Release */,
			);
			defaultConfigurationIsVisible = 0;
			defaultConfigurationName = Release;
		};
		7D4FDD032625B67100F54C83 /* Build configuration list for PBXNativeTarget "Weather" */ = {
			isa = XCConfigurationList;
			buildConfigurations = (
				7D4FDD042625B67100F54C83 /* Debug */,
				7D4FDD052625B67100F54C83 /* Release */,
			);
			defaultConfigurationIsVisible = 0;
			defaultConfigurationName = Release;
		};
/* End XCConfigurationList section */
	};
	rootObject = 7D4FDCE72625B66F00F54C83 /* Project object */;
}
